
Microsoft Visual Studio Solution File, Format Version 12.00
# Visual Studio Version 17
VisualStudioVersion = 17.9.34622.214
MinimumVisualStudioVersion = 10.0.40219.1
Project("{9A19103F-16F7-4668-BE54-9A1E7A4F7556}") = "FileReaderGrpcService", "FileReaderGrpcService\FileReaderGrpcService.csproj", "{B7C05C92-DC28-4AFB-8CBE-005305F2CCE3}"
EndProject
Project("{9A19103F-16F7-4668-BE54-9A1E7A4F7556}") = "ReaderGrpcClient", "ReaderGrpcClient\ReaderGrpcClient.csproj", "{C3280E26-2B9F-40AB-8DCF-AADEFF567567}"
EndProject
Project("{FAE04EC0-301F-11D3-BF4B-00C04F79EFBC}") = "FileReaderGrpcServiceTests", "FileReaderGrpcServiceTests\FileReaderGrpcServiceTests.csproj", "{BC4619BA-8241-4AA9-A73A-67BB2E7BAD82}"
EndProject
Global
	GlobalSection(SolutionConfigurationPlatforms) = preSolution
		Debug|Any CPU = Debug|Any CPU
		Release|Any CPU = Release|Any CPU
	EndGlobalSection
	GlobalSection(ProjectConfigurationPlatforms) = postSolution
		{B7C05C92-DC28-4AFB-8CBE-005305F2CCE3}.Debug|Any CPU.ActiveCfg = Debug|Any CPU
		{B7C05C92-DC28-4AFB-8CBE-005305F2CCE3}.Debug|Any CPU.Build.0 = Debug|Any CPU
		{B7C05C92-DC28-4AFB-8CBE-005305F2CCE3}.Release|Any CPU.ActiveCfg = Release|Any CPU
		{B7C05C92-DC28-4AFB-8CBE-005305F2CCE3}.Release|Any CPU.Build.0 = Release|Any CPU
		{C3280E26-2B9F-40AB-8DCF-AADEFF567567}.Debug|Any CPU.ActiveCfg = Debug|Any CPU
		{C3280E26-2B9F-40AB-8DCF-AADEFF567567}.Debug|Any CPU.Build.0 = Debug|Any CPU
		{C3280E26-2B9F-40AB-8DCF-AADEFF567567}.Release|Any CPU.ActiveCfg = Release|Any CPU
		{C3280E26-2B9F-40AB-8DCF-AADEFF567567}.Release|Any CPU.Build.0 = Release|Any CPU
		{BC4619BA-8241-4AA9-A73A-67BB2E7BAD82}.Debug|Any CPU.ActiveCfg = Debug|Any CPU
		{BC4619BA-8241-4AA9-A73A-67BB2E7BAD82}.Debug|Any CPU.Build.0 = Debug|Any CPU
		{BC4619BA-8241-4AA9-A73A-67BB2E7BAD82}.Release|Any CPU.ActiveCfg = Release|Any CPU
		{BC4619BA-8241-4AA9-A73A-67BB2E7BAD82}.Release|Any CPU.Build.0 = Release|Any CPU
	EndGlobalSection
	GlobalSection(SolutionProperties) = preSolution
		HideSolutionNode = FALSE
	EndGlobalSection
	GlobalSection(ExtensibilityGlobals) = postSolution
		SolutionGuid = {9376EE45-19DC-45AA-A40B-95920C7545B7}
	EndGlobalSection
EndGlobal
